
Microsoft Visual Studio Solution File, Format Version 11.00
# Visual Studio 2010
Project("{FAE04EC0-301F-11D3-BF4B-00C04F79EFBC}") = "Space İnvaders v.1.0", "Space İnvaders v.1.0\Space İnvaders v.1.0.csproj", "{8C57703F-9E81-44E4-9511-FC338A42FB42}"
EndProject
Global
	GlobalSection(SolutionConfigurationPlatforms) = preSolution
		Debug|x86 = Debug|x86
		Release|x86 = Release|x86
	EndGlobalSection
	GlobalSection(ProjectConfigurationPlatforms) = postSolution
		{8C57703F-9E81-44E4-9511-FC338A42FB42}.Debug|x86.ActiveCfg = Debug|x86
		{8C57703F-9E81-44E4-9511-FC338A42FB42}.Debug|x86.Build.0 = Debug|x86
		{8C57703F-9E81-44E4-9511-FC338A42FB42}.Release|x86.ActiveCfg = Release|x86
		{8C57703F-9E81-44E4-9511-FC338A42FB42}.Release|x86.Build.0 = Release|x86
	EndGlobalSection
	GlobalSection(SolutionProperties) = preSolution
		HideSolutionNode = FALSE
	EndGlobalSection
EndGlobal
